
Microsoft Visual Studio Solution File, Format Version 12.00
# Visual Studio 15
VisualStudioVersion = 15.0.26430.15
MinimumVisualStudioVersion = 10.0.40219.1
Project("{2150E333-8FDC-42A3-9474-1A3956D46DE8}") = "Libraries", "Libraries", "{EB4441DC-F758-4DFB-BD58-1810F1B96CCB}"
EndProject
Project("{2150E333-8FDC-42A3-9474-1A3956D46DE8}") = "Presentation", "Presentation", "{94DA6830-1B97-43A6-BC5F-AF624F2574A7}"
EndProject
Project("{2150E333-8FDC-42A3-9474-1A3956D46DE8}") = "_Others", "_Others", "{22D161D0-EAFA-489A-84B6-CDC546476D4A}"
	ProjectSection(SolutionItems) = preProject
		_Others\docker-compose.ci.build.yml = _Others\docker-compose.ci.build.yml
		_Others\docker-compose.dcproj = _Others\docker-compose.dcproj
		_Others\docker-compose.override.yml = _Others\docker-compose.override.yml
		_Others\docker-compose.yml = _Others\docker-compose.yml
	EndProjectSection
EndProject
Project("{9A19103F-16F7-4668-BE54-9A1E7A4F7556}") = "Game.Web", "Presentation\Game.Web\Game.Web.csproj", "{A4AC53B3-7137-4E56-99BA-A26A1C8DB4C0}"
EndProject
Project("{9A19103F-16F7-4668-BE54-9A1E7A4F7556}") = "Game.Facade", "Presentation\Game.Facade\Game.Facade.csproj", "{0B27A2B0-E8E1-4304-94CD-94DD57456605}"
EndProject
Project("{9A19103F-16F7-4668-BE54-9A1E7A4F7556}") = "Game.Base", "Libraries\Game.Base\Game.Base.csproj", "{04FFD8B7-686E-4F38-A15D-66F90DE6D149}"
EndProject
Project("{9A19103F-16F7-4668-BE54-9A1E7A4F7556}") = "Game.Data", "Libraries\Game.Data\Game.Data.csproj", "{367A7C84-F76A-468B-9F53-F1DEF7E9C857}"
EndProject
Project("{9A19103F-16F7-4668-BE54-9A1E7A4F7556}") = "Game.Services", "Libraries\Game.Service\Game.Services.csproj", "{82BB8F2F-380E-4EA3-A535-C5F3210FF906}"
EndProject
Global
	GlobalSection(SolutionConfigurationPlatforms) = preSolution
		Debug|Any CPU = Debug|Any CPU
		Release|Any CPU = Release|Any CPU
	EndGlobalSection
	GlobalSection(ProjectConfigurationPlatforms) = postSolution
		{A4AC53B3-7137-4E56-99BA-A26A1C8DB4C0}.Debug|Any CPU.ActiveCfg = Debug|Any CPU
		{A4AC53B3-7137-4E56-99BA-A26A1C8DB4C0}.Debug|Any CPU.Build.0 = Debug|Any CPU
		{A4AC53B3-7137-4E56-99BA-A26A1C8DB4C0}.Release|Any CPU.ActiveCfg = Release|Any CPU
		{A4AC53B3-7137-4E56-99BA-A26A1C8DB4C0}.Release|Any CPU.Build.0 = Release|Any CPU
		{0B27A2B0-E8E1-4304-94CD-94DD57456605}.Debug|Any CPU.ActiveCfg = Debug|Any CPU
		{0B27A2B0-E8E1-4304-94CD-94DD57456605}.Debug|Any CPU.Build.0 = Debug|Any CPU
		{0B27A2B0-E8E1-4304-94CD-94DD57456605}.Release|Any CPU.ActiveCfg = Release|Any CPU
		{0B27A2B0-E8E1-4304-94CD-94DD57456605}.Release|Any CPU.Build.0 = Release|Any CPU
		{04FFD8B7-686E-4F38-A15D-66F90DE6D149}.Debug|Any CPU.ActiveCfg = Debug|Any CPU
		{04FFD8B7-686E-4F38-A15D-66F90DE6D149}.Debug|Any CPU.Build.0 = Debug|Any CPU
		{04FFD8B7-686E-4F38-A15D-66F90DE6D149}.Release|Any CPU.ActiveCfg = Release|Any CPU
		{04FFD8B7-686E-4F38-A15D-66F90DE6D149}.Release|Any CPU.Build.0 = Release|Any CPU
		{367A7C84-F76A-468B-9F53-F1DEF7E9C857}.Debug|Any CPU.ActiveCfg = Debug|Any CPU
		{367A7C84-F76A-468B-9F53-F1DEF7E9C857}.Debug|Any CPU.Build.0 = Debug|Any CPU
		{367A7C84-F76A-468B-9F53-F1DEF7E9C857}.Release|Any CPU.ActiveCfg = Release|Any CPU
		{367A7C84-F76A-468B-9F53-F1DEF7E9C857}.Release|Any CPU.Build.0 = Release|Any CPU
		{82BB8F2F-380E-4EA3-A535-C5F3210FF906}.Debug|Any CPU.ActiveCfg = Debug|Any CPU
		{82BB8F2F-380E-4EA3-A535-C5F3210FF906}.Debug|Any CPU.Build.0 = Debug|Any CPU
		{82BB8F2F-380E-4EA3-A535-C5F3210FF906}.Release|Any CPU.ActiveCfg = Release|Any CPU
		{82BB8F2F-380E-4EA3-A535-C5F3210FF906}.Release|Any CPU.Build.0 = Release|Any CPU
	EndGlobalSection
	GlobalSection(SolutionProperties) = preSolution
		HideSolutionNode = FALSE
	EndGlobalSection
	GlobalSection(NestedProjects) = preSolution
		{A4AC53B3-7137-4E56-99BA-A26A1C8DB4C0} = {94DA6830-1B97-43A6-BC5F-AF624F2574A7}
		{0B27A2B0-E8E1-4304-94CD-94DD57456605} = {94DA6830-1B97-43A6-BC5F-AF624F2574A7}
		{04FFD8B7-686E-4F38-A15D-66F90DE6D149} = {EB4441DC-F758-4DFB-BD58-1810F1B96CCB}
		{367A7C84-F76A-468B-9F53-F1DEF7E9C857} = {EB4441DC-F758-4DFB-BD58-1810F1B96CCB}
		{82BB8F2F-380E-4EA3-A535-C5F3210FF906} = {EB4441DC-F758-4DFB-BD58-1810F1B96CCB}
	EndGlobalSection
	GlobalSection(ExtensibilityGlobals) = postSolution
		SolutionGuid = {98CAC555-D455-440C-BA8F-E040716779BB}
	EndGlobalSection
EndGlobal
